
Microsoft Visual Studio Solution File, Format Version 12.00
# Visual Studio Version 17
VisualStudioVersion = 17.0.31903.59
MinimumVisualStudioVersion = 10.0.40219.1
Project("{2150E333-8FDC-42A3-9474-1A3956D46DE8}") = "src", "src", "{F70898CB-43F5-470A-B947-1D7610B2B748}"
EndProject
Project("{9A19103F-16F7-4668-BE54-9A1E7A4F7556}") = "Elemental", "src\Elemental\Elemental.csproj", "{23D35952-D076-4616-8F97-ABE92E92C0B1}"
EndProject
Project("{2150E333-8FDC-42A3-9474-1A3956D46DE8}") = "samples", "samples", "{A940266B-FD7F-459E-9265-610DA0CD6B1D}"
EndProject
Project("{9A19103F-16F7-4668-BE54-9A1E7A4F7556}") = "HelloWorld", "samples\01-Foundations\01-HelloWorld\HelloWorld.csproj", "{C13F1C92-F6A7-455A-90EC-C8C520779BFD}"
EndProject
Project("{9A19103F-16F7-4668-BE54-9A1E7A4F7556}") = "Elemental.SourceGenerators", "src\Elemental.SourceGenerators\Elemental.SourceGenerators.csproj", "{B3F169CA-07A6-40CE-9C66-24433C92941C}"
EndProject
Project("{9A19103F-16F7-4668-BE54-9A1E7A4F7556}") = "HelloWindow", "samples\01-Foundations\02-HelloWindow\HelloWindow.csproj", "{5EDEB1EC-C781-44ED-BB7C-70F2EE8158DB}"
EndProject
Project("{2150E333-8FDC-42A3-9474-1A3956D46DE8}") = "Solution Items", "Solution Items", "{C4523529-6B48-448E-9515-F6EB406393BC}"
	ProjectSection(SolutionItems) = preProject
		Directory.Packages.props = Directory.Packages.props
	EndProjectSection
EndProject
Project("{FAE04EC0-301F-11D3-BF4B-00C04F79EFBC}") = "HelloTriangle", "samples\02-Graphics\01-HelloTriangle\HelloTriangle.csproj", "{7EDA1426-5476-405D-B319-9B46458CE65E}"
EndProject
Global
	GlobalSection(SolutionConfigurationPlatforms) = preSolution
		Debug|Any CPU = Debug|Any CPU
		Debug|x64 = Debug|x64
		Debug|x86 = Debug|x86
		Release|Any CPU = Release|Any CPU
		Release|x64 = Release|x64
		Release|x86 = Release|x86
	EndGlobalSection
	GlobalSection(ProjectConfigurationPlatforms) = postSolution
		{23D35952-D076-4616-8F97-ABE92E92C0B1}.Debug|Any CPU.ActiveCfg = Debug|Any CPU
		{23D35952-D076-4616-8F97-ABE92E92C0B1}.Debug|Any CPU.Build.0 = Debug|Any CPU
		{23D35952-D076-4616-8F97-ABE92E92C0B1}.Debug|x64.ActiveCfg = Debug|Any CPU
		{23D35952-D076-4616-8F97-ABE92E92C0B1}.Debug|x64.Build.0 = Debug|Any CPU
		{23D35952-D076-4616-8F97-ABE92E92C0B1}.Debug|x86.ActiveCfg = Debug|Any CPU
		{23D35952-D076-4616-8F97-ABE92E92C0B1}.Debug|x86.Build.0 = Debug|Any CPU
		{23D35952-D076-4616-8F97-ABE92E92C0B1}.Release|Any CPU.ActiveCfg = Release|Any CPU
		{23D35952-D076-4616-8F97-ABE92E92C0B1}.Release|Any CPU.Build.0 = Release|Any CPU
		{23D35952-D076-4616-8F97-ABE92E92C0B1}.Release|x64.ActiveCfg = Release|Any CPU
		{23D35952-D076-4616-8F97-ABE92E92C0B1}.Release|x64.Build.0 = Release|Any CPU
		{23D35952-D076-4616-8F97-ABE92E92C0B1}.Release|x86.ActiveCfg = Release|Any CPU
		{23D35952-D076-4616-8F97-ABE92E92C0B1}.Release|x86.Build.0 = Release|Any CPU
		{C13F1C92-F6A7-455A-90EC-C8C520779BFD}.Debug|Any CPU.ActiveCfg = Debug|Any CPU
		{C13F1C92-F6A7-455A-90EC-C8C520779BFD}.Debug|Any CPU.Build.0 = Debug|Any CPU
		{C13F1C92-F6A7-455A-90EC-C8C520779BFD}.Debug|x64.ActiveCfg = Debug|Any CPU
		{C13F1C92-F6A7-455A-90EC-C8C520779BFD}.Debug|x64.Build.0 = Debug|Any CPU
		{C13F1C92-F6A7-455A-90EC-C8C520779BFD}.Debug|x86.ActiveCfg = Debug|Any CPU
		{C13F1C92-F6A7-455A-90EC-C8C520779BFD}.Debug|x86.Build.0 = Debug|Any CPU
		{C13F1C92-F6A7-455A-90EC-C8C520779BFD}.Release|Any CPU.ActiveCfg = Release|Any CPU
		{C13F1C92-F6A7-455A-90EC-C8C520779BFD}.Release|Any CPU.Build.0 = Release|Any CPU
		{C13F1C92-F6A7-455A-90EC-C8C520779BFD}.Release|x64.ActiveCfg = Release|Any CPU
		{C13F1C92-F6A7-455A-90EC-C8C520779BFD}.Release|x64.Build.0 = Release|Any CPU
		{C13F1C92-F6A7-455A-90EC-C8C520779BFD}.Release|x86.ActiveCfg = Release|Any CPU
		{C13F1C92-F6A7-455A-90EC-C8C520779BFD}.Release|x86.Build.0 = Release|Any CPU
		{B3F169CA-07A6-40CE-9C66-24433C92941C}.Debug|Any CPU.ActiveCfg = Debug|Any CPU
		{B3F169CA-07A6-40CE-9C66-24433C92941C}.Debug|Any CPU.Build.0 = Debug|Any CPU
		{B3F169CA-07A6-40CE-9C66-24433C92941C}.Debug|x64.ActiveCfg = Debug|Any CPU
		{B3F169CA-07A6-40CE-9C66-24433C92941C}.Debug|x64.Build.0 = Debug|Any CPU
		{B3F169CA-07A6-40CE-9C66-24433C92941C}.Debug|x86.ActiveCfg = Debug|Any CPU
		{B3F169CA-07A6-40CE-9C66-24433C92941C}.Debug|x86.Build.0 = Debug|Any CPU
		{B3F169CA-07A6-40CE-9C66-24433C92941C}.Release|Any CPU.ActiveCfg = Release|Any CPU
		{B3F169CA-07A6-40CE-9C66-24433C92941C}.Release|Any CPU.Build.0 = Release|Any CPU
		{B3F169CA-07A6-40CE-9C66-24433C92941C}.Release|x64.ActiveCfg = Release|Any CPU
		{B3F169CA-07A6-40CE-9C66-24433C92941C}.Release|x64.Build.0 = Release|Any CPU
		{B3F169CA-07A6-40CE-9C66-24433C92941C}.Release|x86.ActiveCfg = Release|Any CPU
		{B3F169CA-07A6-40CE-9C66-24433C92941C}.Release|x86.Build.0 = Release|Any CPU
		{5EDEB1EC-C781-44ED-BB7C-70F2EE8158DB}.Debug|Any CPU.ActiveCfg = Debug|Any CPU
		{5EDEB1EC-C781-44ED-BB7C-70F2EE8158DB}.Debug|Any CPU.Build.0 = Debug|Any CPU
		{5EDEB1EC-C781-44ED-BB7C-70F2EE8158DB}.Debug|x64.ActiveCfg = Debug|Any CPU
		{5EDEB1EC-C781-44ED-BB7C-70F2EE8158DB}.Debug|x64.Build.0 = Debug|Any CPU
		{5EDEB1EC-C781-44ED-BB7C-70F2EE8158DB}.Debug|x86.ActiveCfg = Debug|Any CPU
		{5EDEB1EC-C781-44ED-BB7C-70F2EE8158DB}.Debug|x86.Build.0 = Debug|Any CPU
		{5EDEB1EC-C781-44ED-BB7C-70F2EE8158DB}.Release|Any CPU.ActiveCfg = Release|Any CPU
		{5EDEB1EC-C781-44ED-BB7C-70F2EE8158DB}.Release|Any CPU.Build.0 = Release|Any CPU
		{5EDEB1EC-C781-44ED-BB7C-70F2EE8158DB}.Release|x64.ActiveCfg = Release|Any CPU
		{5EDEB1EC-C781-44ED-BB7C-70F2EE8158DB}.Release|x64.Build.0 = Release|Any CPU
		{5EDEB1EC-C781-44ED-BB7C-70F2EE8158DB}.Release|x86.ActiveCfg = Release|Any CPU
		{5EDEB1EC-C781-44ED-BB7C-70F2EE8158DB}.Release|x86.Build.0 = Release|Any CPU
		{7EDA1426-5476-405D-B319-9B46458CE65E}.Debug|Any CPU.ActiveCfg = Debug|Any CPU
		{7EDA1426-5476-405D-B319-9B46458CE65E}.Debug|Any CPU.Build.0 = Debug|Any CPU
		{7EDA1426-5476-405D-B319-9B46458CE65E}.Debug|x64.ActiveCfg = Debug|Any CPU
		{7EDA1426-5476-405D-B319-9B46458CE65E}.Debug|x64.Build.0 = Debug|Any CPU
		{7EDA1426-5476-405D-B319-9B46458CE65E}.Debug|x86.ActiveCfg = Debug|Any CPU
		{7EDA1426-5476-405D-B319-9B46458CE65E}.Debug|x86.Build.0 = Debug|Any CPU
		{7EDA1426-5476-405D-B319-9B46458CE65E}.Release|Any CPU.ActiveCfg = Release|Any CPU
		{7EDA1426-5476-405D-B319-9B46458CE65E}.Release|Any CPU.Build.0 = Release|Any CPU
		{7EDA1426-5476-405D-B319-9B46458CE65E}.Release|x64.ActiveCfg = Release|Any CPU
		{7EDA1426-5476-405D-B319-9B46458CE65E}.Release|x64.Build.0 = Release|Any CPU
		{7EDA1426-5476-405D-B319-9B46458CE65E}.Release|x86.ActiveCfg = Release|Any CPU
		{7EDA1426-5476-405D-B319-9B46458CE65E}.Release|x86.Build.0 = Release|Any CPU
	EndGlobalSection
	GlobalSection(SolutionProperties) = preSolution
		HideSolutionNode = FALSE
	EndGlobalSection
	GlobalSection(NestedProjects) = preSolution
		{23D35952-D076-4616-8F97-ABE92E92C0B1} = {F70898CB-43F5-470A-B947-1D7610B2B748}
		{C13F1C92-F6A7-455A-90EC-C8C520779BFD} = {A940266B-FD7F-459E-9265-610DA0CD6B1D}
		{B3F169CA-07A6-40CE-9C66-24433C92941C} = {F70898CB-43F5-470A-B947-1D7610B2B748}
		{5EDEB1EC-C781-44ED-BB7C-70F2EE8158DB} = {A940266B-FD7F-459E-9265-610DA0CD6B1D}
		{7EDA1426-5476-405D-B319-9B46458CE65E} = {A940266B-FD7F-459E-9265-610DA0CD6B1D}
	EndGlobalSection
EndGlobal
