
Microsoft Visual Studio Solution File, Format Version 12.00
# Visual Studio Version 17
VisualStudioVersion = 17.0.31903.59
MinimumVisualStudioVersion = 10.0.40219.1
Project("{2150E333-8FDC-42A3-9474-1A3956D46DE8}") = "src", "src", "{F70898CB-43F5-470A-B947-1D7610B2B748}"
EndProject
Project("{FAE04EC0-301F-11D3-BF4B-00C04F79EFBC}") = "Elemental", "src\Elemental\Elemental.csproj", "{23D35952-D076-4616-8F97-ABE92E92C0B1}"
EndProject
Project("{2150E333-8FDC-42A3-9474-1A3956D46DE8}") = "samples", "samples", "{A940266B-FD7F-459E-9265-610DA0CD6B1D}"
EndProject
Project("{FAE04EC0-301F-11D3-BF4B-00C04F79EFBC}") = "01-HelloWorld", "samples\01-HelloWorld\01-HelloWorld.csproj", "{C13F1C92-F6A7-455A-90EC-C8C520779BFD}"
EndProject
Global
	GlobalSection(SolutionProperties) = preSolution
		HideSolutionNode = FALSE
	EndGlobalSection
	GlobalSection(SolutionConfigurationPlatforms) = preSolution
		Debug|Any CPU = Debug|Any CPU
		Debug|x64 = Debug|x64
		Debug|x86 = Debug|x86
		Release|Any CPU = Release|Any CPU
		Release|x64 = Release|x64
		Release|x86 = Release|x86
	EndGlobalSection
	GlobalSection(ProjectConfigurationPlatforms) = postSolution
		{23D35952-D076-4616-8F97-ABE92E92C0B1}.Debug|Any CPU.ActiveCfg = Debug|Any CPU
		{23D35952-D076-4616-8F97-ABE92E92C0B1}.Debug|Any CPU.Build.0 = Debug|Any CPU
		{23D35952-D076-4616-8F97-ABE92E92C0B1}.Debug|x64.ActiveCfg = Debug|Any CPU
		{23D35952-D076-4616-8F97-ABE92E92C0B1}.Debug|x64.Build.0 = Debug|Any CPU
		{23D35952-D076-4616-8F97-ABE92E92C0B1}.Debug|x86.ActiveCfg = Debug|Any CPU
		{23D35952-D076-4616-8F97-ABE92E92C0B1}.Debug|x86.Build.0 = Debug|Any CPU
		{23D35952-D076-4616-8F97-ABE92E92C0B1}.Release|Any CPU.ActiveCfg = Release|Any CPU
		{23D35952-D076-4616-8F97-ABE92E92C0B1}.Release|Any CPU.Build.0 = Release|Any CPU
		{23D35952-D076-4616-8F97-ABE92E92C0B1}.Release|x64.ActiveCfg = Release|Any CPU
		{23D35952-D076-4616-8F97-ABE92E92C0B1}.Release|x64.Build.0 = Release|Any CPU
		{23D35952-D076-4616-8F97-ABE92E92C0B1}.Release|x86.ActiveCfg = Release|Any CPU
		{23D35952-D076-4616-8F97-ABE92E92C0B1}.Release|x86.Build.0 = Release|Any CPU
		{C13F1C92-F6A7-455A-90EC-C8C520779BFD}.Debug|Any CPU.ActiveCfg = Debug|Any CPU
		{C13F1C92-F6A7-455A-90EC-C8C520779BFD}.Debug|Any CPU.Build.0 = Debug|Any CPU
		{C13F1C92-F6A7-455A-90EC-C8C520779BFD}.Debug|x64.ActiveCfg = Debug|Any CPU
		{C13F1C92-F6A7-455A-90EC-C8C520779BFD}.Debug|x64.Build.0 = Debug|Any CPU
		{C13F1C92-F6A7-455A-90EC-C8C520779BFD}.Debug|x86.ActiveCfg = Debug|Any CPU
		{C13F1C92-F6A7-455A-90EC-C8C520779BFD}.Debug|x86.Build.0 = Debug|Any CPU
		{C13F1C92-F6A7-455A-90EC-C8C520779BFD}.Release|Any CPU.ActiveCfg = Release|Any CPU
		{C13F1C92-F6A7-455A-90EC-C8C520779BFD}.Release|Any CPU.Build.0 = Release|Any CPU
		{C13F1C92-F6A7-455A-90EC-C8C520779BFD}.Release|x64.ActiveCfg = Release|Any CPU
		{C13F1C92-F6A7-455A-90EC-C8C520779BFD}.Release|x64.Build.0 = Release|Any CPU
		{C13F1C92-F6A7-455A-90EC-C8C520779BFD}.Release|x86.ActiveCfg = Release|Any CPU
		{C13F1C92-F6A7-455A-90EC-C8C520779BFD}.Release|x86.Build.0 = Release|Any CPU
	EndGlobalSection
	GlobalSection(NestedProjects) = preSolution
		{23D35952-D076-4616-8F97-ABE92E92C0B1} = {F70898CB-43F5-470A-B947-1D7610B2B748}
		{C13F1C92-F6A7-455A-90EC-C8C520779BFD} = {A940266B-FD7F-459E-9265-610DA0CD6B1D}
	EndGlobalSection
EndGlobal
