
Microsoft Visual Studio Solution File, Format Version 12.00
# Visual Studio Version 17
VisualStudioVersion = 17.0.31903.59
MinimumVisualStudioVersion = 10.0.40219.1
Project("{2150E333-8FDC-42A3-9474-1A3956D46DE8}") = "tests", "tests", "{EC76A425-419B-4DAF-BCB9-84A57D6AC468}"
EndProject
Project("{2150E333-8FDC-42A3-9474-1A3956D46DE8}") = "src", "src", "{E41D8B7E-5377-4183-B397-9C998B237AFF}"
EndProject
Project("{FAE04EC0-301F-11D3-BF4B-00C04F79EFBC}") = "Elemental.Common", "src\Elemental.Common\Elemental.Common.csproj", "{356123A2-9F1B-4E5A-8DF3-5D783E81FA51}"
EndProject
Project("{FAE04EC0-301F-11D3-BF4B-00C04F79EFBC}") = "Elemental", "src\Elemental\Elemental.csproj", "{9ACA8562-4929-4169-B3EE-4F43E301B5A5}"
EndProject
Project("{FAE04EC0-301F-11D3-BF4B-00C04F79EFBC}") = "Elemental.Tools", "src\Elemental.Tools\Elemental.Tools.csproj", "{78166A60-0251-4E2F-9C35-768839133123}"
EndProject
Project("{FAE04EC0-301F-11D3-BF4B-00C04F79EFBC}") = "Elemental.SourceGenerators", "src\Elemental.SourceGenerators\Elemental.SourceGenerators.csproj", "{0F847641-1239-435E-AE3D-A23A7CDCF2A1}"
EndProject
Project("{2150E333-8FDC-42A3-9474-1A3956D46DE8}") = "samples", "samples", "{74748D3C-1A51-4F38-A251-444C28D3950E}"
EndProject
Project("{2150E333-8FDC-42A3-9474-1A3956D46DE8}") = "dotnet", "dotnet", "{BAC11B19-C744-4BA5-BEBC-871DD043F360}"
EndProject
Project("{2150E333-8FDC-42A3-9474-1A3956D46DE8}") = "01-Foundations", "01-Foundations", "{311D91FB-7068-43C8-9349-0C9DB09AE2E7}"
EndProject
Project("{FAE04EC0-301F-11D3-BF4B-00C04F79EFBC}") = "HelloWorld", "samples\dotnet\01-Foundations\01-HelloWorld\HelloWorld.csproj", "{BB8583B8-5E3E-445B-A2A7-F9E910DEC951}"
EndProject
Project("{FAE04EC0-301F-11D3-BF4B-00C04F79EFBC}") = "HelloWindow", "samples\dotnet\01-Foundations\02-HelloWindow\HelloWindow.csproj", "{9372122A-80D5-4E1F-BC93-AF3AB0C43885}"
EndProject
Project("{2150E333-8FDC-42A3-9474-1A3956D46DE8}") = "02-Graphics", "02-Graphics", "{C79C370B-FEE8-4034-BDDB-FB7BA019C6E5}"
EndProject
Project("{FAE04EC0-301F-11D3-BF4B-00C04F79EFBC}") = "HelloTriangle", "samples\dotnet\02-Graphics\01-HelloTriangle\HelloTriangle.csproj", "{F2B2B7B8-1D93-4ACC-A9C3-E255BD7FEC8B}"
EndProject
Project("{FAE04EC0-301F-11D3-BF4B-00C04F79EFBC}") = "HelloTriangleMin", "samples\dotnet\02-Graphics\01-HelloTriangleMin\HelloTriangleMin.csproj", "{16F1D55E-E599-4F48-BEB6-36114B47EBA9}"
EndProject
Project("{2150E333-8FDC-42A3-9474-1A3956D46DE8}") = "03-Inputs", "03-Inputs", "{8928F8FD-9A57-4E56-ABA4-F70428B518DB}"
EndProject
Project("{FAE04EC0-301F-11D3-BF4B-00C04F79EFBC}") = "HelloInputs", "samples\dotnet\03-Inputs\01-HelloInputs\HelloInputs.csproj", "{45B66738-8A4F-40F7-88DB-FA2CE91B1070}"
EndProject
Project("{FAE04EC0-301F-11D3-BF4B-00C04F79EFBC}") = "Elemental.Tests.Common", "tests\Elemental.Tests.Common\Elemental.Tests.Common.csproj", "{92CDCE89-D796-4104-9F83-A4E5A6DF5935}"
EndProject
Project("{FAE04EC0-301F-11D3-BF4B-00C04F79EFBC}") = "Elemental.Tests.NativeApplicationTests", "tests\Elemental.Tests.NativeApplicationTests\Elemental.Tests.NativeApplicationTests.csproj", "{D0E8D783-6F7A-4ADB-A19D-2FDC491E3689}"
EndProject
Global
	GlobalSection(SolutionConfigurationPlatforms) = preSolution
		Debug|Any CPU = Debug|Any CPU
		Release|Any CPU = Release|Any CPU
	EndGlobalSection
	GlobalSection(SolutionProperties) = preSolution
		HideSolutionNode = FALSE
	EndGlobalSection
	GlobalSection(ProjectConfigurationPlatforms) = postSolution
		{9ACA8562-4929-4169-B3EE-4F43E301B5A5}.Debug|Any CPU.ActiveCfg = Debug|Any CPU
		{9ACA8562-4929-4169-B3EE-4F43E301B5A5}.Debug|Any CPU.Build.0 = Debug|Any CPU
		{9ACA8562-4929-4169-B3EE-4F43E301B5A5}.Release|Any CPU.ActiveCfg = Release|Any CPU
		{9ACA8562-4929-4169-B3EE-4F43E301B5A5}.Release|Any CPU.Build.0 = Release|Any CPU
		{356123A2-9F1B-4E5A-8DF3-5D783E81FA51}.Debug|Any CPU.ActiveCfg = Debug|Any CPU
		{356123A2-9F1B-4E5A-8DF3-5D783E81FA51}.Debug|Any CPU.Build.0 = Debug|Any CPU
		{356123A2-9F1B-4E5A-8DF3-5D783E81FA51}.Release|Any CPU.ActiveCfg = Release|Any CPU
		{356123A2-9F1B-4E5A-8DF3-5D783E81FA51}.Release|Any CPU.Build.0 = Release|Any CPU
		{78166A60-0251-4E2F-9C35-768839133123}.Debug|Any CPU.ActiveCfg = Debug|Any CPU
		{78166A60-0251-4E2F-9C35-768839133123}.Debug|Any CPU.Build.0 = Debug|Any CPU
		{78166A60-0251-4E2F-9C35-768839133123}.Release|Any CPU.ActiveCfg = Release|Any CPU
		{78166A60-0251-4E2F-9C35-768839133123}.Release|Any CPU.Build.0 = Release|Any CPU
		{0F847641-1239-435E-AE3D-A23A7CDCF2A1}.Debug|Any CPU.ActiveCfg = Debug|Any CPU
		{0F847641-1239-435E-AE3D-A23A7CDCF2A1}.Debug|Any CPU.Build.0 = Debug|Any CPU
		{0F847641-1239-435E-AE3D-A23A7CDCF2A1}.Release|Any CPU.ActiveCfg = Release|Any CPU
		{0F847641-1239-435E-AE3D-A23A7CDCF2A1}.Release|Any CPU.Build.0 = Release|Any CPU
		{BB8583B8-5E3E-445B-A2A7-F9E910DEC951}.Debug|Any CPU.ActiveCfg = Debug|Any CPU
		{BB8583B8-5E3E-445B-A2A7-F9E910DEC951}.Debug|Any CPU.Build.0 = Debug|Any CPU
		{BB8583B8-5E3E-445B-A2A7-F9E910DEC951}.Release|Any CPU.ActiveCfg = Release|Any CPU
		{BB8583B8-5E3E-445B-A2A7-F9E910DEC951}.Release|Any CPU.Build.0 = Release|Any CPU
		{9372122A-80D5-4E1F-BC93-AF3AB0C43885}.Debug|Any CPU.ActiveCfg = Debug|Any CPU
		{9372122A-80D5-4E1F-BC93-AF3AB0C43885}.Debug|Any CPU.Build.0 = Debug|Any CPU
		{9372122A-80D5-4E1F-BC93-AF3AB0C43885}.Release|Any CPU.ActiveCfg = Release|Any CPU
		{9372122A-80D5-4E1F-BC93-AF3AB0C43885}.Release|Any CPU.Build.0 = Release|Any CPU
		{F2B2B7B8-1D93-4ACC-A9C3-E255BD7FEC8B}.Debug|Any CPU.ActiveCfg = Debug|Any CPU
		{F2B2B7B8-1D93-4ACC-A9C3-E255BD7FEC8B}.Debug|Any CPU.Build.0 = Debug|Any CPU
		{F2B2B7B8-1D93-4ACC-A9C3-E255BD7FEC8B}.Release|Any CPU.ActiveCfg = Release|Any CPU
		{F2B2B7B8-1D93-4ACC-A9C3-E255BD7FEC8B}.Release|Any CPU.Build.0 = Release|Any CPU
		{16F1D55E-E599-4F48-BEB6-36114B47EBA9}.Debug|Any CPU.ActiveCfg = Debug|Any CPU
		{16F1D55E-E599-4F48-BEB6-36114B47EBA9}.Debug|Any CPU.Build.0 = Debug|Any CPU
		{16F1D55E-E599-4F48-BEB6-36114B47EBA9}.Release|Any CPU.ActiveCfg = Release|Any CPU
		{16F1D55E-E599-4F48-BEB6-36114B47EBA9}.Release|Any CPU.Build.0 = Release|Any CPU
		{45B66738-8A4F-40F7-88DB-FA2CE91B1070}.Debug|Any CPU.ActiveCfg = Debug|Any CPU
		{45B66738-8A4F-40F7-88DB-FA2CE91B1070}.Debug|Any CPU.Build.0 = Debug|Any CPU
		{45B66738-8A4F-40F7-88DB-FA2CE91B1070}.Release|Any CPU.ActiveCfg = Release|Any CPU
		{45B66738-8A4F-40F7-88DB-FA2CE91B1070}.Release|Any CPU.Build.0 = Release|Any CPU
		{92CDCE89-D796-4104-9F83-A4E5A6DF5935}.Debug|Any CPU.ActiveCfg = Debug|Any CPU
		{92CDCE89-D796-4104-9F83-A4E5A6DF5935}.Debug|Any CPU.Build.0 = Debug|Any CPU
		{92CDCE89-D796-4104-9F83-A4E5A6DF5935}.Release|Any CPU.ActiveCfg = Release|Any CPU
		{92CDCE89-D796-4104-9F83-A4E5A6DF5935}.Release|Any CPU.Build.0 = Release|Any CPU
		{D0E8D783-6F7A-4ADB-A19D-2FDC491E3689}.Debug|Any CPU.ActiveCfg = Debug|Any CPU
		{D0E8D783-6F7A-4ADB-A19D-2FDC491E3689}.Debug|Any CPU.Build.0 = Debug|Any CPU
		{D0E8D783-6F7A-4ADB-A19D-2FDC491E3689}.Release|Any CPU.ActiveCfg = Release|Any CPU
		{D0E8D783-6F7A-4ADB-A19D-2FDC491E3689}.Release|Any CPU.Build.0 = Release|Any CPU
	EndGlobalSection
	GlobalSection(NestedProjects) = preSolution
		{9ACA8562-4929-4169-B3EE-4F43E301B5A5} = {E41D8B7E-5377-4183-B397-9C998B237AFF}
		{356123A2-9F1B-4E5A-8DF3-5D783E81FA51} = {E41D8B7E-5377-4183-B397-9C998B237AFF}
		{78166A60-0251-4E2F-9C35-768839133123} = {E41D8B7E-5377-4183-B397-9C998B237AFF}
		{0F847641-1239-435E-AE3D-A23A7CDCF2A1} = {E41D8B7E-5377-4183-B397-9C998B237AFF}
		{BAC11B19-C744-4BA5-BEBC-871DD043F360} = {74748D3C-1A51-4F38-A251-444C28D3950E}
		{311D91FB-7068-43C8-9349-0C9DB09AE2E7} = {BAC11B19-C744-4BA5-BEBC-871DD043F360}
		{BB8583B8-5E3E-445B-A2A7-F9E910DEC951} = {311D91FB-7068-43C8-9349-0C9DB09AE2E7}
		{9372122A-80D5-4E1F-BC93-AF3AB0C43885} = {311D91FB-7068-43C8-9349-0C9DB09AE2E7}
		{C79C370B-FEE8-4034-BDDB-FB7BA019C6E5} = {BAC11B19-C744-4BA5-BEBC-871DD043F360}
		{F2B2B7B8-1D93-4ACC-A9C3-E255BD7FEC8B} = {C79C370B-FEE8-4034-BDDB-FB7BA019C6E5}
		{16F1D55E-E599-4F48-BEB6-36114B47EBA9} = {C79C370B-FEE8-4034-BDDB-FB7BA019C6E5}
		{8928F8FD-9A57-4E56-ABA4-F70428B518DB} = {BAC11B19-C744-4BA5-BEBC-871DD043F360}
		{45B66738-8A4F-40F7-88DB-FA2CE91B1070} = {8928F8FD-9A57-4E56-ABA4-F70428B518DB}
		{92CDCE89-D796-4104-9F83-A4E5A6DF5935} = {EC76A425-419B-4DAF-BCB9-84A57D6AC468}
		{D0E8D783-6F7A-4ADB-A19D-2FDC491E3689} = {EC76A425-419B-4DAF-BCB9-84A57D6AC468}
	EndGlobalSection
EndGlobal
