// !$*UTF8*$!
{
	archiveVersion = 1;
	classes = {
	};
	objectVersion = 56;
	objects = {

/* Begin PBXFileReference section */
		D822C439297908B800CCA054 /* module.modulemap */ = {isa = PBXFileReference; lastKnownFileType = "sourcecode.module-map"; path = module.modulemap; sourceTree = "<group>"; };
		D822C43A297908B800CCA054 /* NativeApplicationService.swift */ = {isa = PBXFileReference; lastKnownFileType = sourcecode.swift; path = NativeApplicationService.swift; sourceTree = "<group>"; };
		D822C43B297908B800CCA054 /* MacOSApplication.swift */ = {isa = PBXFileReference; lastKnownFileType = sourcecode.swift; path = MacOSApplication.swift; sourceTree = "<group>"; };
		D822C43D297908F200CCA054 /* Elemental.h */ = {isa = PBXFileReference; lastKnownFileType = sourcecode.c.h; name = Elemental.h; path = ../Common/Elemental.h; sourceTree = "<group>"; };
		D8B503C929A8817E00B918B3 /* MacOSWindow.swift */ = {isa = PBXFileReference; lastKnownFileType = sourcecode.swift; path = MacOSWindow.swift; sourceTree = "<group>"; };
		D8B503CA29A8818A00B918B3 /* Graphics */ = {isa = PBXFileReference; lastKnownFileType = folder; path = Graphics; sourceTree = "<group>"; };
/* End PBXFileReference section */

/* Begin PBXGroup section */
		D822C4322979088800CCA054 = {
			isa = PBXGroup;
			children = (
				D8B503CA29A8818A00B918B3 /* Graphics */,
				D822C43C297908C200CCA054 /* Interop */,
				D822C43B297908B800CCA054 /* MacOSApplication.swift */,
				D8B503C929A8817E00B918B3 /* MacOSWindow.swift */,
				D822C43A297908B800CCA054 /* NativeApplicationService.swift */,
				D838B59B29A9DC1C0003B05E /* Products */,
			);
			sourceTree = "<group>";
		};
		D822C43C297908C200CCA054 /* Interop */ = {
			isa = PBXGroup;
			children = (
				D822C43D297908F200CCA054 /* Elemental.h */,
				D822C439297908B800CCA054 /* module.modulemap */,
			);
			name = Interop;
			sourceTree = "<group>";
		};
		D838B59B29A9DC1C0003B05E /* Products */ = {
			isa = PBXGroup;
			children = (
			);
			name = Products;
			sourceTree = "<group>";
		};
/* End PBXGroup section */

/* Begin PBXProject section */
		D822C4332979088800CCA054 /* Project object */ = {
			isa = PBXProject;
			attributes = {
				BuildIndependentTargetsInParallel = 1;
				LastUpgradeCheck = 1420;
			};
			buildConfigurationList = D822C4362979088800CCA054 /* Build configuration list for PBXProject "Elemental" */;
			compatibilityVersion = "Xcode 14.0";
			developmentRegion = en;
			hasScannedForEncodings = 0;
			knownRegions = (
				en,
				Base,
			);
			mainGroup = D822C4322979088800CCA054;
			productRefGroup = D838B59B29A9DC1C0003B05E /* Products */;
			projectDirPath = "";
			projectRoot = "";
			targets = (
			);
		};
/* End PBXProject section */

/* Begin XCBuildConfiguration section */
		D822C4372979088800CCA054 /* Debug */ = {
			isa = XCBuildConfiguration;
			buildSettings = {
			};
			name = Debug;
		};
		D822C4382979088800CCA054 /* Release */ = {
			isa = XCBuildConfiguration;
			buildSettings = {
			};
			name = Release;
		};
/* End XCBuildConfiguration section */

/* Begin XCConfigurationList section */
		D822C4362979088800CCA054 /* Build configuration list for PBXProject "Elemental" */ = {
			isa = XCConfigurationList;
			buildConfigurations = (
				D822C4372979088800CCA054 /* Debug */,
				D822C4382979088800CCA054 /* Release */,
			);
			defaultConfigurationIsVisible = 0;
			defaultConfigurationName = Release;
		};
/* End XCConfigurationList section */
	};
	rootObject = D822C4332979088800CCA054 /* Project object */;
}
